
Microsoft Visual Studio Solution File, Format Version 12.00
# Visual Studio Version 16
VisualStudioVersion = 16.0.30413.136
MinimumVisualStudioVersion = 10.0.40219.1
Project("{FAE04EC0-301F-11D3-BF4B-00C04F79EFBC}") = "Articles2.0", "Articles2.0.csproj", "{67B8E3EB-7248-4C94-AA6F-942F37A949FC}"
EndProject
Global
	GlobalSection(SolutionConfigurationPlatforms) = preSolution
		Debug|Any CPU = Debug|Any CPU
		Release|Any CPU = Release|Any CPU
	EndGlobalSection
	GlobalSection(ProjectConfigurationPlatforms) = postSolution
		{67B8E3EB-7248-4C94-AA6F-942F37A949FC}.Debug|Any CPU.ActiveCfg = Debug|Any CPU
		{67B8E3EB-7248-4C94-AA6F-942F37A949FC}.Debug|Any CPU.Build.0 = Debug|Any CPU
		{67B8E3EB-7248-4C94-AA6F-942F37A949FC}.Release|Any CPU.ActiveCfg = Release|Any CPU
		{67B8E3EB-7248-4C94-AA6F-942F37A949FC}.Release|Any CPU.Build.0 = Release|Any CPU
	EndGlobalSection
	GlobalSection(SolutionProperties) = preSolution
		HideSolutionNode = FALSE
	EndGlobalSection
	GlobalSection(ExtensibilityGlobals) = postSolution
		SolutionGuid = {D67C7183-25E8-4261-A7BF-FF35E7E587FE}
	EndGlobalSection
EndGlobal
