
Microsoft Visual Studio Solution File, Format Version 12.00
# Visual Studio Version 16
VisualStudioVersion = 16.0.30413.136
MinimumVisualStudioVersion = 10.0.40219.1
Project("{FAE04EC0-301F-11D3-BF4B-00C04F79EFBC}") = "DestinationMapper", "DestinationMapper.csproj", "{CBA754E3-4339-41C7-BE77-A92A274DF6B0}"
EndProject
Global
	GlobalSection(SolutionConfigurationPlatforms) = preSolution
		Debug|Any CPU = Debug|Any CPU
		Release|Any CPU = Release|Any CPU
	EndGlobalSection
	GlobalSection(ProjectConfigurationPlatforms) = postSolution
		{CBA754E3-4339-41C7-BE77-A92A274DF6B0}.Debug|Any CPU.ActiveCfg = Debug|Any CPU
		{CBA754E3-4339-41C7-BE77-A92A274DF6B0}.Debug|Any CPU.Build.0 = Debug|Any CPU
		{CBA754E3-4339-41C7-BE77-A92A274DF6B0}.Release|Any CPU.ActiveCfg = Release|Any CPU
		{CBA754E3-4339-41C7-BE77-A92A274DF6B0}.Release|Any CPU.Build.0 = Release|Any CPU
	EndGlobalSection
	GlobalSection(SolutionProperties) = preSolution
		HideSolutionNode = FALSE
	EndGlobalSection
	GlobalSection(ExtensibilityGlobals) = postSolution
		SolutionGuid = {D9CB411A-01CB-4C17-8A6B-D44FA35515C1}
	EndGlobalSection
EndGlobal
