
Microsoft Visual Studio Solution File, Format Version 12.00
# Visual Studio Version 16
VisualStudioVersion = 16.0.30413.136
MinimumVisualStudioVersion = 10.0.40219.1
Project("{FAE04EC0-301F-11D3-BF4B-00C04F79EFBC}") = "HeroesOfCodeAndLogicVII", "HeroesOfCodeAndLogicVII.csproj", "{B1F341C6-2DCE-4DCE-AC76-0E28ACD62072}"
EndProject
Global
	GlobalSection(SolutionConfigurationPlatforms) = preSolution
		Debug|Any CPU = Debug|Any CPU
		Release|Any CPU = Release|Any CPU
	EndGlobalSection
	GlobalSection(ProjectConfigurationPlatforms) = postSolution
		{B1F341C6-2DCE-4DCE-AC76-0E28ACD62072}.Debug|Any CPU.ActiveCfg = Debug|Any CPU
		{B1F341C6-2DCE-4DCE-AC76-0E28ACD62072}.Debug|Any CPU.Build.0 = Debug|Any CPU
		{B1F341C6-2DCE-4DCE-AC76-0E28ACD62072}.Release|Any CPU.ActiveCfg = Release|Any CPU
		{B1F341C6-2DCE-4DCE-AC76-0E28ACD62072}.Release|Any CPU.Build.0 = Release|Any CPU
	EndGlobalSection
	GlobalSection(SolutionProperties) = preSolution
		HideSolutionNode = FALSE
	EndGlobalSection
	GlobalSection(ExtensibilityGlobals) = postSolution
		SolutionGuid = {9F7982E8-D195-4DF7-BA04-1FD4648B8AB4}
	EndGlobalSection
EndGlobal
