
Microsoft Visual Studio Solution File, Format Version 12.00
# Visual Studio Version 16
VisualStudioVersion = 16.0.30413.136
MinimumVisualStudioVersion = 10.0.40219.1
Project("{FAE04EC0-301F-11D3-BF4B-00C04F79EFBC}") = "AnonymousThreat", "AnonymousThreat.csproj", "{AC4BDFD3-A233-4AAA-8EEB-4138E00B62C6}"
EndProject
Global
	GlobalSection(SolutionConfigurationPlatforms) = preSolution
		Debug|Any CPU = Debug|Any CPU
		Release|Any CPU = Release|Any CPU
	EndGlobalSection
	GlobalSection(ProjectConfigurationPlatforms) = postSolution
		{AC4BDFD3-A233-4AAA-8EEB-4138E00B62C6}.Debug|Any CPU.ActiveCfg = Debug|Any CPU
		{AC4BDFD3-A233-4AAA-8EEB-4138E00B62C6}.Debug|Any CPU.Build.0 = Debug|Any CPU
		{AC4BDFD3-A233-4AAA-8EEB-4138E00B62C6}.Release|Any CPU.ActiveCfg = Release|Any CPU
		{AC4BDFD3-A233-4AAA-8EEB-4138E00B62C6}.Release|Any CPU.Build.0 = Release|Any CPU
	EndGlobalSection
	GlobalSection(SolutionProperties) = preSolution
		HideSolutionNode = FALSE
	EndGlobalSection
	GlobalSection(ExtensibilityGlobals) = postSolution
		SolutionGuid = {025A66E5-0393-4C2C-A200-D13E36E4DA24}
	EndGlobalSection
EndGlobal
