
Microsoft Visual Studio Solution File, Format Version 12.00
# Visual Studio Version 16
VisualStudioVersion = 16.0.30413.136
MinimumVisualStudioVersion = 10.0.40219.1
Project("{FAE04EC0-301F-11D3-BF4B-00C04F79EFBC}") = "MagicSum", "MagicSum.csproj", "{580DD8F2-8444-4E9D-B9BA-83DD8AC6D6CF}"
EndProject
Global
	GlobalSection(SolutionConfigurationPlatforms) = preSolution
		Debug|Any CPU = Debug|Any CPU
		Release|Any CPU = Release|Any CPU
	EndGlobalSection
	GlobalSection(ProjectConfigurationPlatforms) = postSolution
		{580DD8F2-8444-4E9D-B9BA-83DD8AC6D6CF}.Debug|Any CPU.ActiveCfg = Debug|Any CPU
		{580DD8F2-8444-4E9D-B9BA-83DD8AC6D6CF}.Debug|Any CPU.Build.0 = Debug|Any CPU
		{580DD8F2-8444-4E9D-B9BA-83DD8AC6D6CF}.Release|Any CPU.ActiveCfg = Release|Any CPU
		{580DD8F2-8444-4E9D-B9BA-83DD8AC6D6CF}.Release|Any CPU.Build.0 = Release|Any CPU
	EndGlobalSection
	GlobalSection(SolutionProperties) = preSolution
		HideSolutionNode = FALSE
	EndGlobalSection
	GlobalSection(ExtensibilityGlobals) = postSolution
		SolutionGuid = {196C33A2-3C1F-4BF0-82E1-45E41D588E3D}
	EndGlobalSection
EndGlobal
