
Microsoft Visual Studio Solution File, Format Version 12.00
# Visual Studio Version 16
VisualStudioVersion = 16.0.30413.136
MinimumVisualStudioVersion = 10.0.40219.1
Project("{FAE04EC0-301F-11D3-BF4B-00C04F79EFBC}") = "Students", "Students.csproj", "{388CDED2-E19F-44C5-98D8-98979CEF7827}"
EndProject
Global
	GlobalSection(SolutionConfigurationPlatforms) = preSolution
		Debug|Any CPU = Debug|Any CPU
		Release|Any CPU = Release|Any CPU
	EndGlobalSection
	GlobalSection(ProjectConfigurationPlatforms) = postSolution
		{388CDED2-E19F-44C5-98D8-98979CEF7827}.Debug|Any CPU.ActiveCfg = Debug|Any CPU
		{388CDED2-E19F-44C5-98D8-98979CEF7827}.Debug|Any CPU.Build.0 = Debug|Any CPU
		{388CDED2-E19F-44C5-98D8-98979CEF7827}.Release|Any CPU.ActiveCfg = Release|Any CPU
		{388CDED2-E19F-44C5-98D8-98979CEF7827}.Release|Any CPU.Build.0 = Release|Any CPU
	EndGlobalSection
	GlobalSection(SolutionProperties) = preSolution
		HideSolutionNode = FALSE
	EndGlobalSection
	GlobalSection(ExtensibilityGlobals) = postSolution
		SolutionGuid = {513866E3-B6B3-4D39-A992-A0B20BD0C91C}
	EndGlobalSection
EndGlobal
