
Microsoft Visual Studio Solution File, Format Version 12.00
# Visual Studio Version 16
VisualStudioVersion = 16.0.30413.136
MinimumVisualStudioVersion = 10.0.40219.1
Project("{FAE04EC0-301F-11D3-BF4B-00C04F79EFBC}") = "ValidUsernames", "ValidUsernames.csproj", "{C3F0F9E7-1A56-4595-A9A9-F39C699F03C1}"
EndProject
Global
	GlobalSection(SolutionConfigurationPlatforms) = preSolution
		Debug|Any CPU = Debug|Any CPU
		Release|Any CPU = Release|Any CPU
	EndGlobalSection
	GlobalSection(ProjectConfigurationPlatforms) = postSolution
		{C3F0F9E7-1A56-4595-A9A9-F39C699F03C1}.Debug|Any CPU.ActiveCfg = Debug|Any CPU
		{C3F0F9E7-1A56-4595-A9A9-F39C699F03C1}.Debug|Any CPU.Build.0 = Debug|Any CPU
		{C3F0F9E7-1A56-4595-A9A9-F39C699F03C1}.Release|Any CPU.ActiveCfg = Release|Any CPU
		{C3F0F9E7-1A56-4595-A9A9-F39C699F03C1}.Release|Any CPU.Build.0 = Release|Any CPU
	EndGlobalSection
	GlobalSection(SolutionProperties) = preSolution
		HideSolutionNode = FALSE
	EndGlobalSection
	GlobalSection(ExtensibilityGlobals) = postSolution
		SolutionGuid = {1D348149-3294-4D9D-B128-3B86F8818CD3}
	EndGlobalSection
EndGlobal
