
Microsoft Visual Studio Solution File, Format Version 12.00
# Visual Studio Version 16
VisualStudioVersion = 16.0.30413.136
MinimumVisualStudioVersion = 10.0.40219.1
Project("{FAE04EC0-301F-11D3-BF4B-00C04F79EFBC}") = "MiddleCharacters", "MiddleCharacters.csproj", "{828EEF19-F678-49A9-B55C-07FFD64D6570}"
EndProject
Global
	GlobalSection(SolutionConfigurationPlatforms) = preSolution
		Debug|Any CPU = Debug|Any CPU
		Release|Any CPU = Release|Any CPU
	EndGlobalSection
	GlobalSection(ProjectConfigurationPlatforms) = postSolution
		{828EEF19-F678-49A9-B55C-07FFD64D6570}.Debug|Any CPU.ActiveCfg = Debug|Any CPU
		{828EEF19-F678-49A9-B55C-07FFD64D6570}.Debug|Any CPU.Build.0 = Debug|Any CPU
		{828EEF19-F678-49A9-B55C-07FFD64D6570}.Release|Any CPU.ActiveCfg = Release|Any CPU
		{828EEF19-F678-49A9-B55C-07FFD64D6570}.Release|Any CPU.Build.0 = Release|Any CPU
	EndGlobalSection
	GlobalSection(SolutionProperties) = preSolution
		HideSolutionNode = FALSE
	EndGlobalSection
	GlobalSection(ExtensibilityGlobals) = postSolution
		SolutionGuid = {8F05861B-99CA-4ED2-95CD-356445308871}
	EndGlobalSection
EndGlobal
