
Microsoft Visual Studio Solution File, Format Version 12.00
# Visual Studio Version 16
VisualStudioVersion = 16.0.30413.136
MinimumVisualStudioVersion = 10.0.40219.1
Project("{FAE04EC0-301F-11D3-BF4B-00C04F79EFBC}") = "AdvertisementMessage", "AdvertisementMessage.csproj", "{2D7C2760-0438-4289-B727-E56C1502CBBD}"
EndProject
Global
	GlobalSection(SolutionConfigurationPlatforms) = preSolution
		Debug|Any CPU = Debug|Any CPU
		Release|Any CPU = Release|Any CPU
	EndGlobalSection
	GlobalSection(ProjectConfigurationPlatforms) = postSolution
		{2D7C2760-0438-4289-B727-E56C1502CBBD}.Debug|Any CPU.ActiveCfg = Debug|Any CPU
		{2D7C2760-0438-4289-B727-E56C1502CBBD}.Debug|Any CPU.Build.0 = Debug|Any CPU
		{2D7C2760-0438-4289-B727-E56C1502CBBD}.Release|Any CPU.ActiveCfg = Release|Any CPU
		{2D7C2760-0438-4289-B727-E56C1502CBBD}.Release|Any CPU.Build.0 = Release|Any CPU
	EndGlobalSection
	GlobalSection(SolutionProperties) = preSolution
		HideSolutionNode = FALSE
	EndGlobalSection
	GlobalSection(ExtensibilityGlobals) = postSolution
		SolutionGuid = {8AFAEF76-83EB-4B9E-BBA1-09F0BA3D3674}
	EndGlobalSection
EndGlobal
