
Microsoft Visual Studio Solution File, Format Version 12.00
# Visual Studio Version 16
VisualStudioVersion = 16.0.30413.136
MinimumVisualStudioVersion = 10.0.40219.1
Project("{FAE04EC0-301F-11D3-BF4B-00C04F79EFBC}") = "BombNumbers", "BombNumbers.csproj", "{9E0536DE-BE9C-43F4-A9F9-F3630753A003}"
EndProject
Global
	GlobalSection(SolutionConfigurationPlatforms) = preSolution
		Debug|Any CPU = Debug|Any CPU
		Release|Any CPU = Release|Any CPU
	EndGlobalSection
	GlobalSection(ProjectConfigurationPlatforms) = postSolution
		{9E0536DE-BE9C-43F4-A9F9-F3630753A003}.Debug|Any CPU.ActiveCfg = Debug|Any CPU
		{9E0536DE-BE9C-43F4-A9F9-F3630753A003}.Debug|Any CPU.Build.0 = Debug|Any CPU
		{9E0536DE-BE9C-43F4-A9F9-F3630753A003}.Release|Any CPU.ActiveCfg = Release|Any CPU
		{9E0536DE-BE9C-43F4-A9F9-F3630753A003}.Release|Any CPU.Build.0 = Release|Any CPU
	EndGlobalSection
	GlobalSection(SolutionProperties) = preSolution
		HideSolutionNode = FALSE
	EndGlobalSection
	GlobalSection(ExtensibilityGlobals) = postSolution
		SolutionGuid = {61D8454F-EA3A-4A4C-9BF4-67345816AE78}
	EndGlobalSection
EndGlobal
