
Microsoft Visual Studio Solution File, Format Version 12.00
# Visual Studio Version 16
VisualStudioVersion = 16.0.30413.136
MinimumVisualStudioVersion = 10.0.40219.1
Project("{FAE04EC0-301F-11D3-BF4B-00C04F79EFBC}") = "ExtractFile", "ExtractFile.csproj", "{AA84D150-2753-4DB0-B323-BAD78A2A5051}"
EndProject
Global
	GlobalSection(SolutionConfigurationPlatforms) = preSolution
		Debug|Any CPU = Debug|Any CPU
		Release|Any CPU = Release|Any CPU
	EndGlobalSection
	GlobalSection(ProjectConfigurationPlatforms) = postSolution
		{AA84D150-2753-4DB0-B323-BAD78A2A5051}.Debug|Any CPU.ActiveCfg = Debug|Any CPU
		{AA84D150-2753-4DB0-B323-BAD78A2A5051}.Debug|Any CPU.Build.0 = Debug|Any CPU
		{AA84D150-2753-4DB0-B323-BAD78A2A5051}.Release|Any CPU.ActiveCfg = Release|Any CPU
		{AA84D150-2753-4DB0-B323-BAD78A2A5051}.Release|Any CPU.Build.0 = Release|Any CPU
	EndGlobalSection
	GlobalSection(SolutionProperties) = preSolution
		HideSolutionNode = FALSE
	EndGlobalSection
	GlobalSection(ExtensibilityGlobals) = postSolution
		SolutionGuid = {E438B93E-F692-4BEF-B1E4-E0C605818588}
	EndGlobalSection
EndGlobal
