
Microsoft Visual Studio Solution File, Format Version 12.00
# Visual Studio Version 16
VisualStudioVersion = 16.0.30413.136
MinimumVisualStudioVersion = 10.0.40219.1
Project("{FAE04EC0-301F-11D3-BF4B-00C04F79EFBC}") = "MovingTarget", "MovingTarget.csproj", "{488DDF3B-B732-4DC7-9CED-1CDBE81C94AA}"
EndProject
Global
	GlobalSection(SolutionConfigurationPlatforms) = preSolution
		Debug|Any CPU = Debug|Any CPU
		Release|Any CPU = Release|Any CPU
	EndGlobalSection
	GlobalSection(ProjectConfigurationPlatforms) = postSolution
		{488DDF3B-B732-4DC7-9CED-1CDBE81C94AA}.Debug|Any CPU.ActiveCfg = Debug|Any CPU
		{488DDF3B-B732-4DC7-9CED-1CDBE81C94AA}.Debug|Any CPU.Build.0 = Debug|Any CPU
		{488DDF3B-B732-4DC7-9CED-1CDBE81C94AA}.Release|Any CPU.ActiveCfg = Release|Any CPU
		{488DDF3B-B732-4DC7-9CED-1CDBE81C94AA}.Release|Any CPU.Build.0 = Release|Any CPU
	EndGlobalSection
	GlobalSection(SolutionProperties) = preSolution
		HideSolutionNode = FALSE
	EndGlobalSection
	GlobalSection(ExtensibilityGlobals) = postSolution
		SolutionGuid = {E066EE43-69B6-4A00-9060-A03E00CB5F78}
	EndGlobalSection
EndGlobal
