
Microsoft Visual Studio Solution File, Format Version 12.00
# Visual Studio Version 16
VisualStudioVersion = 16.0.30413.136
MinimumVisualStudioVersion = 10.0.40219.1
Project("{FAE04EC0-301F-11D3-BF4B-00C04F79EFBC}") = "BeerKegs", "BeerKegs.csproj", "{1C84BC86-A020-49A2-A5B9-044F3C824362}"
EndProject
Global
	GlobalSection(SolutionConfigurationPlatforms) = preSolution
		Debug|Any CPU = Debug|Any CPU
		Release|Any CPU = Release|Any CPU
	EndGlobalSection
	GlobalSection(ProjectConfigurationPlatforms) = postSolution
		{1C84BC86-A020-49A2-A5B9-044F3C824362}.Debug|Any CPU.ActiveCfg = Debug|Any CPU
		{1C84BC86-A020-49A2-A5B9-044F3C824362}.Debug|Any CPU.Build.0 = Debug|Any CPU
		{1C84BC86-A020-49A2-A5B9-044F3C824362}.Release|Any CPU.ActiveCfg = Release|Any CPU
		{1C84BC86-A020-49A2-A5B9-044F3C824362}.Release|Any CPU.Build.0 = Release|Any CPU
	EndGlobalSection
	GlobalSection(SolutionProperties) = preSolution
		HideSolutionNode = FALSE
	EndGlobalSection
	GlobalSection(ExtensibilityGlobals) = postSolution
		SolutionGuid = {5D96EA56-A251-449A-8BFA-C0D07093D57C}
	EndGlobalSection
EndGlobal
