
Microsoft Visual Studio Solution File, Format Version 12.00
# Visual Studio Version 16
VisualStudioVersion = 16.0.30413.136
MinimumVisualStudioVersion = 10.0.40219.1
Project("{FAE04EC0-301F-11D3-BF4B-00C04F79EFBC}") = "Dictionary", "Dictionary.csproj", "{E11C7893-565B-4A90-8AC8-C07454B6FD6A}"
EndProject
Global
	GlobalSection(SolutionConfigurationPlatforms) = preSolution
		Debug|Any CPU = Debug|Any CPU
		Release|Any CPU = Release|Any CPU
	EndGlobalSection
	GlobalSection(ProjectConfigurationPlatforms) = postSolution
		{E11C7893-565B-4A90-8AC8-C07454B6FD6A}.Debug|Any CPU.ActiveCfg = Debug|Any CPU
		{E11C7893-565B-4A90-8AC8-C07454B6FD6A}.Debug|Any CPU.Build.0 = Debug|Any CPU
		{E11C7893-565B-4A90-8AC8-C07454B6FD6A}.Release|Any CPU.ActiveCfg = Release|Any CPU
		{E11C7893-565B-4A90-8AC8-C07454B6FD6A}.Release|Any CPU.Build.0 = Release|Any CPU
	EndGlobalSection
	GlobalSection(SolutionProperties) = preSolution
		HideSolutionNode = FALSE
	EndGlobalSection
	GlobalSection(ExtensibilityGlobals) = postSolution
		SolutionGuid = {22C1F20A-4B36-4F44-91C5-510578BC8D77}
	EndGlobalSection
EndGlobal
