
Microsoft Visual Studio Solution File, Format Version 12.00
# Visual Studio Version 16
VisualStudioVersion = 16.0.30413.136
MinimumVisualStudioVersion = 10.0.40219.1
Project("{FAE04EC0-301F-11D3-BF4B-00C04F79EFBC}") = "HeartDelivery", "HeartDelivery.csproj", "{E97CA50A-8DB0-4558-B5F1-178847691FD6}"
EndProject
Global
	GlobalSection(SolutionConfigurationPlatforms) = preSolution
		Debug|Any CPU = Debug|Any CPU
		Release|Any CPU = Release|Any CPU
	EndGlobalSection
	GlobalSection(ProjectConfigurationPlatforms) = postSolution
		{E97CA50A-8DB0-4558-B5F1-178847691FD6}.Debug|Any CPU.ActiveCfg = Debug|Any CPU
		{E97CA50A-8DB0-4558-B5F1-178847691FD6}.Debug|Any CPU.Build.0 = Debug|Any CPU
		{E97CA50A-8DB0-4558-B5F1-178847691FD6}.Release|Any CPU.ActiveCfg = Release|Any CPU
		{E97CA50A-8DB0-4558-B5F1-178847691FD6}.Release|Any CPU.Build.0 = Release|Any CPU
	EndGlobalSection
	GlobalSection(SolutionProperties) = preSolution
		HideSolutionNode = FALSE
	EndGlobalSection
	GlobalSection(ExtensibilityGlobals) = postSolution
		SolutionGuid = {08394682-012D-455A-8D02-410F2141DC9F}
	EndGlobalSection
EndGlobal
