
Microsoft Visual Studio Solution File, Format Version 12.00
# Visual Studio Version 16
VisualStudioVersion = 16.0.30413.136
MinimumVisualStudioVersion = 10.0.40219.1
Project("{FAE04EC0-301F-11D3-BF4B-00C04F79EFBC}") = "SoftuniParking", "SoftuniParking.csproj", "{57DCF971-FA07-4B6E-AAA6-93B8E19BB172}"
EndProject
Global
	GlobalSection(SolutionConfigurationPlatforms) = preSolution
		Debug|Any CPU = Debug|Any CPU
		Release|Any CPU = Release|Any CPU
	EndGlobalSection
	GlobalSection(ProjectConfigurationPlatforms) = postSolution
		{57DCF971-FA07-4B6E-AAA6-93B8E19BB172}.Debug|Any CPU.ActiveCfg = Debug|Any CPU
		{57DCF971-FA07-4B6E-AAA6-93B8E19BB172}.Debug|Any CPU.Build.0 = Debug|Any CPU
		{57DCF971-FA07-4B6E-AAA6-93B8E19BB172}.Release|Any CPU.ActiveCfg = Release|Any CPU
		{57DCF971-FA07-4B6E-AAA6-93B8E19BB172}.Release|Any CPU.Build.0 = Release|Any CPU
	EndGlobalSection
	GlobalSection(SolutionProperties) = preSolution
		HideSolutionNode = FALSE
	EndGlobalSection
	GlobalSection(ExtensibilityGlobals) = postSolution
		SolutionGuid = {4A667056-0E8A-4666-9178-810C6DAB9DB4}
	EndGlobalSection
EndGlobal
