
Microsoft Visual Studio Solution File, Format Version 12.00
# Visual Studio Version 16
VisualStudioVersion = 16.0.30413.136
MinimumVisualStudioVersion = 10.0.40219.1
Project("{FAE04EC0-301F-11D3-BF4B-00C04F79EFBC}") = "Courses", "Courses.csproj", "{1C2656B6-D285-4792-A03B-C14BAE3FF50D}"
EndProject
Global
	GlobalSection(SolutionConfigurationPlatforms) = preSolution
		Debug|Any CPU = Debug|Any CPU
		Release|Any CPU = Release|Any CPU
	EndGlobalSection
	GlobalSection(ProjectConfigurationPlatforms) = postSolution
		{1C2656B6-D285-4792-A03B-C14BAE3FF50D}.Debug|Any CPU.ActiveCfg = Debug|Any CPU
		{1C2656B6-D285-4792-A03B-C14BAE3FF50D}.Debug|Any CPU.Build.0 = Debug|Any CPU
		{1C2656B6-D285-4792-A03B-C14BAE3FF50D}.Release|Any CPU.ActiveCfg = Release|Any CPU
		{1C2656B6-D285-4792-A03B-C14BAE3FF50D}.Release|Any CPU.Build.0 = Release|Any CPU
	EndGlobalSection
	GlobalSection(SolutionProperties) = preSolution
		HideSolutionNode = FALSE
	EndGlobalSection
	GlobalSection(ExtensibilityGlobals) = postSolution
		SolutionGuid = {D81605E5-E85D-4FCF-B891-9334055FC7F8}
	EndGlobalSection
EndGlobal
