
Microsoft Visual Studio Solution File, Format Version 12.00
# Visual Studio Version 16
VisualStudioVersion = 16.0.30413.136
MinimumVisualStudioVersion = 10.0.40219.1
Project("{FAE04EC0-301F-11D3-BF4B-00C04F79EFBC}") = "TheLift", "TheLift.csproj", "{F48D7627-AB5F-44D0-9780-C8958A327BEF}"
EndProject
Global
	GlobalSection(SolutionConfigurationPlatforms) = preSolution
		Debug|Any CPU = Debug|Any CPU
		Release|Any CPU = Release|Any CPU
	EndGlobalSection
	GlobalSection(ProjectConfigurationPlatforms) = postSolution
		{F48D7627-AB5F-44D0-9780-C8958A327BEF}.Debug|Any CPU.ActiveCfg = Debug|Any CPU
		{F48D7627-AB5F-44D0-9780-C8958A327BEF}.Debug|Any CPU.Build.0 = Debug|Any CPU
		{F48D7627-AB5F-44D0-9780-C8958A327BEF}.Release|Any CPU.ActiveCfg = Release|Any CPU
		{F48D7627-AB5F-44D0-9780-C8958A327BEF}.Release|Any CPU.Build.0 = Release|Any CPU
	EndGlobalSection
	GlobalSection(SolutionProperties) = preSolution
		HideSolutionNode = FALSE
	EndGlobalSection
	GlobalSection(ExtensibilityGlobals) = postSolution
		SolutionGuid = {70F2D658-BF44-4486-9C88-A6F0A440CB51}
	EndGlobalSection
EndGlobal
